
Microsoft Visual Studio Solution File, Format Version 12.00
# Visual Studio 15
VisualStudioVersion = 15.0.27703.2018
MinimumVisualStudioVersion = 10.0.40219.1
Project("{9A19103F-16F7-4668-BE54-9A1E7A4F7556}") = "Voting.API", "Voting.API\Voting.API.csproj", "{E0E7D2AD-5100-4E8B-91F3-0909DB35D92B}"
EndProject
Project("{9A19103F-16F7-4668-BE54-9A1E7A4F7556}") = "Votin.Model", "Votin.Model\Votin.Model.csproj", "{6B3ADC11-096A-4DD2-8006-E472F8E3109B}"
EndProject
Project("{9A19103F-16F7-4668-BE54-9A1E7A4F7556}") = "Voting.Test", "Voting.Test\Voting.Test.csproj", "{31C76C82-1676-4B54-88A6-5246C8F2499B}"
EndProject
Project("{9A19103F-16F7-4668-BE54-9A1E7A4F7556}") = "Voting.Infrastructure", "Voting.Infrastructure\Voting.Infrastructure.csproj", "{9E55944C-285C-4EFC-B8EF-6E9527CA7E1B}"
EndProject
Global
	GlobalSection(SolutionConfigurationPlatforms) = preSolution
		Debug|Any CPU = Debug|Any CPU
		Release|Any CPU = Release|Any CPU
	EndGlobalSection
	GlobalSection(ProjectConfigurationPlatforms) = postSolution
		{E0E7D2AD-5100-4E8B-91F3-0909DB35D92B}.Debug|Any CPU.ActiveCfg = Debug|Any CPU
		{E0E7D2AD-5100-4E8B-91F3-0909DB35D92B}.Debug|Any CPU.Build.0 = Debug|Any CPU
		{E0E7D2AD-5100-4E8B-91F3-0909DB35D92B}.Release|Any CPU.ActiveCfg = Release|Any CPU
		{E0E7D2AD-5100-4E8B-91F3-0909DB35D92B}.Release|Any CPU.Build.0 = Release|Any CPU
		{6B3ADC11-096A-4DD2-8006-E472F8E3109B}.Debug|Any CPU.ActiveCfg = Debug|Any CPU
		{6B3ADC11-096A-4DD2-8006-E472F8E3109B}.Debug|Any CPU.Build.0 = Debug|Any CPU
		{6B3ADC11-096A-4DD2-8006-E472F8E3109B}.Release|Any CPU.ActiveCfg = Release|Any CPU
		{6B3ADC11-096A-4DD2-8006-E472F8E3109B}.Release|Any CPU.Build.0 = Release|Any CPU
		{31C76C82-1676-4B54-88A6-5246C8F2499B}.Debug|Any CPU.ActiveCfg = Debug|Any CPU
		{31C76C82-1676-4B54-88A6-5246C8F2499B}.Debug|Any CPU.Build.0 = Debug|Any CPU
		{31C76C82-1676-4B54-88A6-5246C8F2499B}.Release|Any CPU.ActiveCfg = Release|Any CPU
		{31C76C82-1676-4B54-88A6-5246C8F2499B}.Release|Any CPU.Build.0 = Release|Any CPU
		{9E55944C-285C-4EFC-B8EF-6E9527CA7E1B}.Debug|Any CPU.ActiveCfg = Debug|Any CPU
		{9E55944C-285C-4EFC-B8EF-6E9527CA7E1B}.Debug|Any CPU.Build.0 = Debug|Any CPU
		{9E55944C-285C-4EFC-B8EF-6E9527CA7E1B}.Release|Any CPU.ActiveCfg = Release|Any CPU
		{9E55944C-285C-4EFC-B8EF-6E9527CA7E1B}.Release|Any CPU.Build.0 = Release|Any CPU
	EndGlobalSection
	GlobalSection(SolutionProperties) = preSolution
		HideSolutionNode = FALSE
	EndGlobalSection
	GlobalSection(ExtensibilityGlobals) = postSolution
		SolutionGuid = {46EF55B1-0D0A-4773-B9DF-59729DD4253C}
	EndGlobalSection
EndGlobal
